
Microsoft Visual Studio Solution File, Format Version 12.00
# Visual Studio Version 16
VisualStudioVersion = 16.0.30717.126
MinimumVisualStudioVersion = 10.0.40219.1
Project("{9A19103F-16F7-4668-BE54-9A1E7A4F7556}") = "Fundoo", "Fundoo\Fundoo.csproj", "{65800FC2-750D-41F1-9B3E-A6823454C103}"
EndProject
Project("{FAE04EC0-301F-11D3-BF4B-00C04F79EFBC}") = "BusinessLayer", "ServiceLayer\BusinessLayer.csproj", "{6721709E-AEA5-4ED2-AD84-9327BB4F8F21}"
EndProject
Project("{FAE04EC0-301F-11D3-BF4B-00C04F79EFBC}") = "RepositoryLayer", "RepositoryLayer\RepositoryLayer.csproj", "{CCC80244-43EF-4E84-BC21-3B337082BBD2}"
EndProject
Project("{FAE04EC0-301F-11D3-BF4B-00C04F79EFBC}") = "ModelLayer", "ModelLayer\ModelLayer.csproj", "{F00EAC0C-0C84-4DA0-A546-A1026AA4B82C}"
EndProject
Global
	GlobalSection(SolutionConfigurationPlatforms) = preSolution
		Debug|Any CPU = Debug|Any CPU
		Release|Any CPU = Release|Any CPU
	EndGlobalSection
	GlobalSection(ProjectConfigurationPlatforms) = postSolution
		{65800FC2-750D-41F1-9B3E-A6823454C103}.Debug|Any CPU.ActiveCfg = Debug|Any CPU
		{65800FC2-750D-41F1-9B3E-A6823454C103}.Debug|Any CPU.Build.0 = Debug|Any CPU
		{65800FC2-750D-41F1-9B3E-A6823454C103}.Release|Any CPU.ActiveCfg = Release|Any CPU
		{65800FC2-750D-41F1-9B3E-A6823454C103}.Release|Any CPU.Build.0 = Release|Any CPU
		{6721709E-AEA5-4ED2-AD84-9327BB4F8F21}.Debug|Any CPU.ActiveCfg = Debug|Any CPU
		{6721709E-AEA5-4ED2-AD84-9327BB4F8F21}.Debug|Any CPU.Build.0 = Debug|Any CPU
		{6721709E-AEA5-4ED2-AD84-9327BB4F8F21}.Release|Any CPU.ActiveCfg = Release|Any CPU
		{6721709E-AEA5-4ED2-AD84-9327BB4F8F21}.Release|Any CPU.Build.0 = Release|Any CPU
		{CCC80244-43EF-4E84-BC21-3B337082BBD2}.Debug|Any CPU.ActiveCfg = Debug|Any CPU
		{CCC80244-43EF-4E84-BC21-3B337082BBD2}.Debug|Any CPU.Build.0 = Debug|Any CPU
		{CCC80244-43EF-4E84-BC21-3B337082BBD2}.Release|Any CPU.ActiveCfg = Release|Any CPU
		{CCC80244-43EF-4E84-BC21-3B337082BBD2}.Release|Any CPU.Build.0 = Release|Any CPU
		{F00EAC0C-0C84-4DA0-A546-A1026AA4B82C}.Debug|Any CPU.ActiveCfg = Debug|Any CPU
		{F00EAC0C-0C84-4DA0-A546-A1026AA4B82C}.Debug|Any CPU.Build.0 = Debug|Any CPU
		{F00EAC0C-0C84-4DA0-A546-A1026AA4B82C}.Release|Any CPU.ActiveCfg = Release|Any CPU
		{F00EAC0C-0C84-4DA0-A546-A1026AA4B82C}.Release|Any CPU.Build.0 = Release|Any CPU
	EndGlobalSection
	GlobalSection(SolutionProperties) = preSolution
		HideSolutionNode = FALSE
	EndGlobalSection
	GlobalSection(ExtensibilityGlobals) = postSolution
		SolutionGuid = {FC187BF8-B5DC-4579-B604-924B4E746392}
	EndGlobalSection
EndGlobal
