
Microsoft Visual Studio Solution File, Format Version 12.00
# Visual Studio Version 16
VisualStudioVersion = 16.0.30717.126
MinimumVisualStudioVersion = 10.0.40219.1
Project("{9A19103F-16F7-4668-BE54-9A1E7A4F7556}") = "Fundoo", "Fundoo\Fundoo.csproj", "{65800FC2-750D-41F1-9B3E-A6823454C103}"
EndProject
Project("{9A19103F-16F7-4668-BE54-9A1E7A4F7556}") = "RepositoryLayer", "RepositoryLayer\RepositoryLayer.csproj", "{CCC80244-43EF-4E84-BC21-3B337082BBD2}"
EndProject
Project("{9A19103F-16F7-4668-BE54-9A1E7A4F7556}") = "ModelLayer", "ModelLayer\ModelLayer.csproj", "{F00EAC0C-0C84-4DA0-A546-A1026AA4B82C}"
EndProject
Project("{9A19103F-16F7-4668-BE54-9A1E7A4F7556}") = "BusinessLayer", "BusinessLayer\BusinessLayer.csproj", "{43CB90D3-7658-4680-8711-FCEA18432611}"
EndProject
Project("{9A19103F-16F7-4668-BE54-9A1E7A4F7556}") = "TokenAuthentication", "TokenAuthentication\TokenAuthentication.csproj", "{9A774B2E-351A-4606-93D8-0E11DC201A50}"
EndProject
Project("{FAE04EC0-301F-11D3-BF4B-00C04F79EFBC}") = "CustomException", "CustomException\CustomException.csproj", "{28662A12-331C-4EB2-8814-F50FCE2C4189}"
EndProject
Global
	GlobalSection(SolutionConfigurationPlatforms) = preSolution
		Debug|Any CPU = Debug|Any CPU
		Release|Any CPU = Release|Any CPU
	EndGlobalSection
	GlobalSection(ProjectConfigurationPlatforms) = postSolution
		{65800FC2-750D-41F1-9B3E-A6823454C103}.Debug|Any CPU.ActiveCfg = Debug|Any CPU
		{65800FC2-750D-41F1-9B3E-A6823454C103}.Debug|Any CPU.Build.0 = Debug|Any CPU
		{65800FC2-750D-41F1-9B3E-A6823454C103}.Release|Any CPU.ActiveCfg = Release|Any CPU
		{65800FC2-750D-41F1-9B3E-A6823454C103}.Release|Any CPU.Build.0 = Release|Any CPU
		{CCC80244-43EF-4E84-BC21-3B337082BBD2}.Debug|Any CPU.ActiveCfg = Debug|Any CPU
		{CCC80244-43EF-4E84-BC21-3B337082BBD2}.Debug|Any CPU.Build.0 = Debug|Any CPU
		{CCC80244-43EF-4E84-BC21-3B337082BBD2}.Release|Any CPU.ActiveCfg = Release|Any CPU
		{CCC80244-43EF-4E84-BC21-3B337082BBD2}.Release|Any CPU.Build.0 = Release|Any CPU
		{F00EAC0C-0C84-4DA0-A546-A1026AA4B82C}.Debug|Any CPU.ActiveCfg = Debug|Any CPU
		{F00EAC0C-0C84-4DA0-A546-A1026AA4B82C}.Debug|Any CPU.Build.0 = Debug|Any CPU
		{F00EAC0C-0C84-4DA0-A546-A1026AA4B82C}.Release|Any CPU.ActiveCfg = Release|Any CPU
		{F00EAC0C-0C84-4DA0-A546-A1026AA4B82C}.Release|Any CPU.Build.0 = Release|Any CPU
		{43CB90D3-7658-4680-8711-FCEA18432611}.Debug|Any CPU.ActiveCfg = Debug|Any CPU
		{43CB90D3-7658-4680-8711-FCEA18432611}.Debug|Any CPU.Build.0 = Debug|Any CPU
		{43CB90D3-7658-4680-8711-FCEA18432611}.Release|Any CPU.ActiveCfg = Release|Any CPU
		{43CB90D3-7658-4680-8711-FCEA18432611}.Release|Any CPU.Build.0 = Release|Any CPU
		{9A774B2E-351A-4606-93D8-0E11DC201A50}.Debug|Any CPU.ActiveCfg = Debug|Any CPU
		{9A774B2E-351A-4606-93D8-0E11DC201A50}.Debug|Any CPU.Build.0 = Debug|Any CPU
		{9A774B2E-351A-4606-93D8-0E11DC201A50}.Release|Any CPU.ActiveCfg = Release|Any CPU
		{9A774B2E-351A-4606-93D8-0E11DC201A50}.Release|Any CPU.Build.0 = Release|Any CPU
		{28662A12-331C-4EB2-8814-F50FCE2C4189}.Debug|Any CPU.ActiveCfg = Debug|Any CPU
		{28662A12-331C-4EB2-8814-F50FCE2C4189}.Debug|Any CPU.Build.0 = Debug|Any CPU
		{28662A12-331C-4EB2-8814-F50FCE2C4189}.Release|Any CPU.ActiveCfg = Release|Any CPU
		{28662A12-331C-4EB2-8814-F50FCE2C4189}.Release|Any CPU.Build.0 = Release|Any CPU
	EndGlobalSection
	GlobalSection(SolutionProperties) = preSolution
		HideSolutionNode = FALSE
	EndGlobalSection
	GlobalSection(ExtensibilityGlobals) = postSolution
		SolutionGuid = {FC187BF8-B5DC-4579-B604-924B4E746392}
	EndGlobalSection
EndGlobal
